
Microsoft Visual Studio Solution File, Format Version 12.00
# Visual Studio Version 17
VisualStudioVersion = 17.14.36623.8 d17.14
MinimumVisualStudioVersion = 10.0.40219.1
Project("{FAE04EC0-301F-11D3-BF4B-00C04F79EFBC}") = "ProductApi.Application", "ProductApi.Application\ProductApi.Application.csproj", "{053E26F7-BBEA-4A06-ACA6-C6465DDCF74C}"
EndProject
Project("{FAE04EC0-301F-11D3-BF4B-00C04F79EFBC}") = "ProductApi.Domain", "ProductApi.Domain\ProductApi.Domain.csproj", "{576EEC94-B1FA-4098-BD37-D937DE7E308C}"
EndProject
Project("{FAE04EC0-301F-11D3-BF4B-00C04F79EFBC}") = "ProductApi.Infrastructure", "ProductApi.Infrastructure\ProductApi.Infrastructure.csproj", "{F8966B81-D4DC-4EBE-AF84-466B9D06BC65}"
EndProject
Project("{FAE04EC0-301F-11D3-BF4B-00C04F79EFBC}") = "ProductApi.Presentation", "ProductApi.Presentation\ProductApi.Presentation.csproj", "{E604FF44-CF2E-4BA0-94F9-A6B3A3A914B9}"
EndProject
Project("{FAE04EC0-301F-11D3-BF4B-00C04F79EFBC}") = "eCommerce.SharedLibrary", "..\E-Commerce.SharedLibrarySolution\eCommerce.ShardLibrary\eCommerce.SharedLibrary.csproj", "{8C6E1750-172D-0F5A-5E24-3DB68699C315}"
EndProject
Global
	GlobalSection(SolutionConfigurationPlatforms) = preSolution
		Debug|Any CPU = Debug|Any CPU
		Release|Any CPU = Release|Any CPU
	EndGlobalSection
	GlobalSection(ProjectConfigurationPlatforms) = postSolution
		{053E26F7-BBEA-4A06-ACA6-C6465DDCF74C}.Debug|Any CPU.ActiveCfg = Debug|Any CPU
		{053E26F7-BBEA-4A06-ACA6-C6465DDCF74C}.Debug|Any CPU.Build.0 = Debug|Any CPU
		{053E26F7-BBEA-4A06-ACA6-C6465DDCF74C}.Release|Any CPU.ActiveCfg = Release|Any CPU
		{053E26F7-BBEA-4A06-ACA6-C6465DDCF74C}.Release|Any CPU.Build.0 = Release|Any CPU
		{576EEC94-B1FA-4098-BD37-D937DE7E308C}.Debug|Any CPU.ActiveCfg = Debug|Any CPU
		{576EEC94-B1FA-4098-BD37-D937DE7E308C}.Debug|Any CPU.Build.0 = Debug|Any CPU
		{576EEC94-B1FA-4098-BD37-D937DE7E308C}.Release|Any CPU.ActiveCfg = Release|Any CPU
		{576EEC94-B1FA-4098-BD37-D937DE7E308C}.Release|Any CPU.Build.0 = Release|Any CPU
		{F8966B81-D4DC-4EBE-AF84-466B9D06BC65}.Debug|Any CPU.ActiveCfg = Debug|Any CPU
		{F8966B81-D4DC-4EBE-AF84-466B9D06BC65}.Debug|Any CPU.Build.0 = Debug|Any CPU
		{F8966B81-D4DC-4EBE-AF84-466B9D06BC65}.Release|Any CPU.ActiveCfg = Release|Any CPU
		{F8966B81-D4DC-4EBE-AF84-466B9D06BC65}.Release|Any CPU.Build.0 = Release|Any CPU
		{E604FF44-CF2E-4BA0-94F9-A6B3A3A914B9}.Debug|Any CPU.ActiveCfg = Debug|Any CPU
		{E604FF44-CF2E-4BA0-94F9-A6B3A3A914B9}.Debug|Any CPU.Build.0 = Debug|Any CPU
		{E604FF44-CF2E-4BA0-94F9-A6B3A3A914B9}.Release|Any CPU.ActiveCfg = Release|Any CPU
		{E604FF44-CF2E-4BA0-94F9-A6B3A3A914B9}.Release|Any CPU.Build.0 = Release|Any CPU
		{8C6E1750-172D-0F5A-5E24-3DB68699C315}.Debug|Any CPU.ActiveCfg = Debug|Any CPU
		{8C6E1750-172D-0F5A-5E24-3DB68699C315}.Debug|Any CPU.Build.0 = Debug|Any CPU
		{8C6E1750-172D-0F5A-5E24-3DB68699C315}.Release|Any CPU.ActiveCfg = Release|Any CPU
		{8C6E1750-172D-0F5A-5E24-3DB68699C315}.Release|Any CPU.Build.0 = Release|Any CPU
	EndGlobalSection
	GlobalSection(SolutionProperties) = preSolution
		HideSolutionNode = FALSE
	EndGlobalSection
	GlobalSection(ExtensibilityGlobals) = postSolution
		SolutionGuid = {D90A2CBA-1682-49ED-9A20-81D90C36FD64}
	EndGlobalSection
EndGlobal
